
Microsoft Visual Studio Solution File, Format Version 12.00
# Visual Studio Version 16
VisualStudioVersion = 16.0.30204.135
MinimumVisualStudioVersion = 10.0.40219.1
Project("{FAE04EC0-301F-11D3-BF4B-00C04F79EFBC}") = "App2", "App2\App2.csproj", "{DDD4A277-2ED9-498F-A769-EBCE90B7B6ED}"
EndProject
Project("{9A19103F-16F7-4668-BE54-9A1E7A4F7556}") = "TelerikWpfApp1", "TelerikWpfApp1\TelerikWpfApp1.csproj", "{04086398-097E-40F6-800F-3541E7516989}"
EndProject
Project("{FAE04EC0-301F-11D3-BF4B-00C04F79EFBC}") = "WpfApp1", "WpfApp1\WpfApp1.csproj", "{30EF6B24-378C-412B-BA0A-858FC708B588}"
EndProject
Global
	GlobalSection(SolutionConfigurationPlatforms) = preSolution
		Debug|Any CPU = Debug|Any CPU
		Debug|ARM = Debug|ARM
		Debug|ARM64 = Debug|ARM64
		Debug|x64 = Debug|x64
		Debug|x86 = Debug|x86
		Release|Any CPU = Release|Any CPU
		Release|ARM = Release|ARM
		Release|ARM64 = Release|ARM64
		Release|x64 = Release|x64
		Release|x86 = Release|x86
	EndGlobalSection
	GlobalSection(ProjectConfigurationPlatforms) = postSolution
		{DDD4A277-2ED9-498F-A769-EBCE90B7B6ED}.Debug|Any CPU.ActiveCfg = Debug|x86
		{DDD4A277-2ED9-498F-A769-EBCE90B7B6ED}.Debug|ARM.ActiveCfg = Debug|ARM
		{DDD4A277-2ED9-498F-A769-EBCE90B7B6ED}.Debug|ARM.Build.0 = Debug|ARM
		{DDD4A277-2ED9-498F-A769-EBCE90B7B6ED}.Debug|ARM.Deploy.0 = Debug|ARM
		{DDD4A277-2ED9-498F-A769-EBCE90B7B6ED}.Debug|ARM64.ActiveCfg = Debug|ARM64
		{DDD4A277-2ED9-498F-A769-EBCE90B7B6ED}.Debug|ARM64.Build.0 = Debug|ARM64
		{DDD4A277-2ED9-498F-A769-EBCE90B7B6ED}.Debug|ARM64.Deploy.0 = Debug|ARM64
		{DDD4A277-2ED9-498F-A769-EBCE90B7B6ED}.Debug|x64.ActiveCfg = Debug|x64
		{DDD4A277-2ED9-498F-A769-EBCE90B7B6ED}.Debug|x64.Build.0 = Debug|x64
		{DDD4A277-2ED9-498F-A769-EBCE90B7B6ED}.Debug|x64.Deploy.0 = Debug|x64
		{DDD4A277-2ED9-498F-A769-EBCE90B7B6ED}.Debug|x86.ActiveCfg = Debug|x86
		{DDD4A277-2ED9-498F-A769-EBCE90B7B6ED}.Debug|x86.Build.0 = Debug|x86
		{DDD4A277-2ED9-498F-A769-EBCE90B7B6ED}.Debug|x86.Deploy.0 = Debug|x86
		{DDD4A277-2ED9-498F-A769-EBCE90B7B6ED}.Release|Any CPU.ActiveCfg = Release|x86
		{DDD4A277-2ED9-498F-A769-EBCE90B7B6ED}.Release|ARM.ActiveCfg = Release|ARM
		{DDD4A277-2ED9-498F-A769-EBCE90B7B6ED}.Release|ARM.Build.0 = Release|ARM
		{DDD4A277-2ED9-498F-A769-EBCE90B7B6ED}.Release|ARM.Deploy.0 = Release|ARM
		{DDD4A277-2ED9-498F-A769-EBCE90B7B6ED}.Release|ARM64.ActiveCfg = Release|ARM64
		{DDD4A277-2ED9-498F-A769-EBCE90B7B6ED}.Release|ARM64.Build.0 = Release|ARM64
		{DDD4A277-2ED9-498F-A769-EBCE90B7B6ED}.Release|ARM64.Deploy.0 = Release|ARM64
		{DDD4A277-2ED9-498F-A769-EBCE90B7B6ED}.Release|x64.ActiveCfg = Release|x64
		{DDD4A277-2ED9-498F-A769-EBCE90B7B6ED}.Release|x64.Build.0 = Release|x64
		{DDD4A277-2ED9-498F-A769-EBCE90B7B6ED}.Release|x64.Deploy.0 = Release|x64
		{DDD4A277-2ED9-498F-A769-EBCE90B7B6ED}.Release|x86.ActiveCfg = Release|x86
		{DDD4A277-2ED9-498F-A769-EBCE90B7B6ED}.Release|x86.Build.0 = Release|x86
		{DDD4A277-2ED9-498F-A769-EBCE90B7B6ED}.Release|x86.Deploy.0 = Release|x86
		{04086398-097E-40F6-800F-3541E7516989}.Debug|Any CPU.ActiveCfg = Debug|Any CPU
		{04086398-097E-40F6-800F-3541E7516989}.Debug|Any CPU.Build.0 = Debug|Any CPU
		{04086398-097E-40F6-800F-3541E7516989}.Debug|ARM.ActiveCfg = Debug|Any CPU
		{04086398-097E-40F6-800F-3541E7516989}.Debug|ARM.Build.0 = Debug|Any CPU
		{04086398-097E-40F6-800F-3541E7516989}.Debug|ARM64.ActiveCfg = Debug|Any CPU
		{04086398-097E-40F6-800F-3541E7516989}.Debug|ARM64.Build.0 = Debug|Any CPU
		{04086398-097E-40F6-800F-3541E7516989}.Debug|x64.ActiveCfg = Debug|Any CPU
		{04086398-097E-40F6-800F-3541E7516989}.Debug|x64.Build.0 = Debug|Any CPU
		{04086398-097E-40F6-800F-3541E7516989}.Debug|x86.ActiveCfg = Debug|Any CPU
		{04086398-097E-40F6-800F-3541E7516989}.Debug|x86.Build.0 = Debug|Any CPU
		{04086398-097E-40F6-800F-3541E7516989}.Release|Any CPU.ActiveCfg = Release|Any CPU
		{04086398-097E-40F6-800F-3541E7516989}.Release|Any CPU.Build.0 = Release|Any CPU
		{04086398-097E-40F6-800F-3541E7516989}.Release|ARM.ActiveCfg = Release|Any CPU
		{04086398-097E-40F6-800F-3541E7516989}.Release|ARM.Build.0 = Release|Any CPU
		{04086398-097E-40F6-800F-3541E7516989}.Release|ARM64.ActiveCfg = Release|Any CPU
		{04086398-097E-40F6-800F-3541E7516989}.Release|ARM64.Build.0 = Release|Any CPU
		{04086398-097E-40F6-800F-3541E7516989}.Release|x64.ActiveCfg = Release|Any CPU
		{04086398-097E-40F6-800F-3541E7516989}.Release|x64.Build.0 = Release|Any CPU
		{04086398-097E-40F6-800F-3541E7516989}.Release|x86.ActiveCfg = Release|Any CPU
		{04086398-097E-40F6-800F-3541E7516989}.Release|x86.Build.0 = Release|Any CPU
		{30EF6B24-378C-412B-BA0A-858FC708B588}.Debug|Any CPU.ActiveCfg = Debug|Any CPU
		{30EF6B24-378C-412B-BA0A-858FC708B588}.Debug|Any CPU.Build.0 = Debug|Any CPU
		{30EF6B24-378C-412B-BA0A-858FC708B588}.Debug|ARM.ActiveCfg = Debug|Any CPU
		{30EF6B24-378C-412B-BA0A-858FC708B588}.Debug|ARM.Build.0 = Debug|Any CPU
		{30EF6B24-378C-412B-BA0A-858FC708B588}.Debug|ARM64.ActiveCfg = Debug|Any CPU
		{30EF6B24-378C-412B-BA0A-858FC708B588}.Debug|ARM64.Build.0 = Debug|Any CPU
		{30EF6B24-378C-412B-BA0A-858FC708B588}.Debug|x64.ActiveCfg = Debug|Any CPU
		{30EF6B24-378C-412B-BA0A-858FC708B588}.Debug|x64.Build.0 = Debug|Any CPU
		{30EF6B24-378C-412B-BA0A-858FC708B588}.Debug|x86.ActiveCfg = Debug|Any CPU
		{30EF6B24-378C-412B-BA0A-858FC708B588}.Debug|x86.Build.0 = Debug|Any CPU
		{30EF6B24-378C-412B-BA0A-858FC708B588}.Release|Any CPU.ActiveCfg = Release|Any CPU
		{30EF6B24-378C-412B-BA0A-858FC708B588}.Release|Any CPU.Build.0 = Release|Any CPU
		{30EF6B24-378C-412B-BA0A-858FC708B588}.Release|ARM.ActiveCfg = Release|Any CPU
		{30EF6B24-378C-412B-BA0A-858FC708B588}.Release|ARM.Build.0 = Release|Any CPU
		{30EF6B24-378C-412B-BA0A-858FC708B588}.Release|ARM64.ActiveCfg = Release|Any CPU
		{30EF6B24-378C-412B-BA0A-858FC708B588}.Release|ARM64.Build.0 = Release|Any CPU
		{30EF6B24-378C-412B-BA0A-858FC708B588}.Release|x64.ActiveCfg = Release|Any CPU
		{30EF6B24-378C-412B-BA0A-858FC708B588}.Release|x64.Build.0 = Release|Any CPU
		{30EF6B24-378C-412B-BA0A-858FC708B588}.Release|x86.ActiveCfg = Release|Any CPU
		{30EF6B24-378C-412B-BA0A-858FC708B588}.Release|x86.Build.0 = Release|Any CPU
	EndGlobalSection
	GlobalSection(SolutionProperties) = preSolution
		HideSolutionNode = FALSE
	EndGlobalSection
	GlobalSection(ExtensibilityGlobals) = postSolution
		SolutionGuid = {7651EF83-48F2-4B6A-8359-398EE2DC78FB}
	EndGlobalSection
EndGlobal
